
Microsoft Visual Studio Solution File, Format Version 12.00
# Visual Studio Version 16
VisualStudioVersion = 16.0.30011.22
MinimumVisualStudioVersion = 10.0.40219.1
Project("{9A19103F-16F7-4668-BE54-9A1E7A4F7556}") = "StockDashboard", "StockDashboard\StockDashboard.csproj", "{6F034A3C-27C3-4EE9-ABBD-4D1941E4890A}"
EndProject
Global
	GlobalSection(SolutionConfigurationPlatforms) = preSolution
		Debug|Any CPU = Debug|Any CPU
		Release|Any CPU = Release|Any CPU
	EndGlobalSection
	GlobalSection(ProjectConfigurationPlatforms) = postSolution
		{6F034A3C-27C3-4EE9-ABBD-4D1941E4890A}.Debug|Any CPU.ActiveCfg = Debug|Any CPU
		{6F034A3C-27C3-4EE9-ABBD-4D1941E4890A}.Debug|Any CPU.Build.0 = Debug|Any CPU
		{6F034A3C-27C3-4EE9-ABBD-4D1941E4890A}.Release|Any CPU.ActiveCfg = Release|Any CPU
		{6F034A3C-27C3-4EE9-ABBD-4D1941E4890A}.Release|Any CPU.Build.0 = Release|Any CPU
	EndGlobalSection
	GlobalSection(SolutionProperties) = preSolution
		HideSolutionNode = FALSE
	EndGlobalSection
	GlobalSection(ExtensibilityGlobals) = postSolution
		SolutionGuid = {705E2432-940A-4BA4-887E-41D5147B9752}
	EndGlobalSection
EndGlobal
